
Microsoft Visual Studio Solution File, Format Version 12.00
# Visual Studio Version 17
VisualStudioVersion = 17.10.35027.167
MinimumVisualStudioVersion = 10.0.40219.1
Project("{FAE04EC0-301F-11D3-BF4B-00C04F79EFBC}") = "TicTakToe", "TicTakToe\TicTakToe.csproj", "{18E43AC5-DBB5-4E77-AF12-C9687BE9D418}"
EndProject
Global
	GlobalSection(SolutionConfigurationPlatforms) = preSolution
		Debug|Any CPU = Debug|Any CPU
		Release|Any CPU = Release|Any CPU
	EndGlobalSection
	GlobalSection(ProjectConfigurationPlatforms) = postSolution
		{18E43AC5-DBB5-4E77-AF12-C9687BE9D418}.Debug|Any CPU.ActiveCfg = Debug|Any CPU
		{18E43AC5-DBB5-4E77-AF12-C9687BE9D418}.Debug|Any CPU.Build.0 = Debug|Any CPU
		{18E43AC5-DBB5-4E77-AF12-C9687BE9D418}.Release|Any CPU.ActiveCfg = Release|Any CPU
		{18E43AC5-DBB5-4E77-AF12-C9687BE9D418}.Release|Any CPU.Build.0 = Release|Any CPU
	EndGlobalSection
	GlobalSection(SolutionProperties) = preSolution
		HideSolutionNode = FALSE
	EndGlobalSection
	GlobalSection(ExtensibilityGlobals) = postSolution
		SolutionGuid = {4034FCB5-CE2E-40DA-BD24-587067DBB4AF}
	EndGlobalSection
EndGlobal
